
Microsoft Visual Studio Solution File, Format Version 12.00
# Visual Studio Version 16
VisualStudioVersion = 16.0.30517.126
MinimumVisualStudioVersion = 10.0.40219.1
Project("{FAE04EC0-301F-11D3-BF4B-00C04F79EFBC}") = "DemoApp.Web", "DemoApp\DemoApp.Web.csproj", "{B50848AF-9940-444A-B264-BD61ADE3576E}"
EndProject
Global
	GlobalSection(SolutionConfigurationPlatforms) = preSolution
		Debug|Any CPU = Debug|Any CPU
		Release|Any CPU = Release|Any CPU
	EndGlobalSection
	GlobalSection(ProjectConfigurationPlatforms) = postSolution
		{B50848AF-9940-444A-B264-BD61ADE3576E}.Debug|Any CPU.ActiveCfg = Debug|Any CPU
		{B50848AF-9940-444A-B264-BD61ADE3576E}.Debug|Any CPU.Build.0 = Debug|Any CPU
		{B50848AF-9940-444A-B264-BD61ADE3576E}.Release|Any CPU.ActiveCfg = Release|Any CPU
		{B50848AF-9940-444A-B264-BD61ADE3576E}.Release|Any CPU.Build.0 = Release|Any CPU
	EndGlobalSection
	GlobalSection(SolutionProperties) = preSolution
		HideSolutionNode = FALSE
	EndGlobalSection
	GlobalSection(ExtensibilityGlobals) = postSolution
		SolutionGuid = {0A945E56-D7F0-4EA9-BB27-8C85AC856711}
	EndGlobalSection
EndGlobal
